<?xml version="1.0" encoding="UTF-8" standalone="yes" ?>
<CodeBlocks_project_file>
	<FileVersion major="1" minor="6" />
	<Project>
		<Option title="Game of Life Final 2" />
		<Option pch_mode="2" />
		<Option compiler="gcc" />
		<Build>
			<Target title="Debug">
				<Option output="bin/Debug/Game of Life Final 2" prefix_auto="1" extension_auto="1" />
				<Option object_output="obj/Debug/" />
				<Option type="1" />
				<Option compiler="gcc" />
				<Compiler>
					<Add option="-std=c++11" />
					<Add option="-g" />
					<Add directory="include" />
				</Compiler>
				<Linker>
					<Add library="sfml-audio" />
				</Linker>
			</Target>
			<Target title="Release">
				<Option output="bin/Release/Game of Life Final 2" prefix_auto="1" extension_auto="1" />
				<Option object_output="obj/Release/" />
				<Option type="1" />
				<Option compiler="gcc" />
				<Compiler>
					<Add option="-O2" />
					<Add directory="include" />
				</Compiler>
				<Linker>
					<Add option="-s" />
				</Linker>
			</Target>
		</Build>
		<Compiler>
			<Add option="-Wall" />
			<Add option="-fexceptions" />
		</Compiler>
		<Unit filename="include/Animation.h" />
		<Unit filename="include/ConfigScreen.h" />
		<Unit filename="include/FadeAnimation.h" />
		<Unit filename="include/FileManager.h" />
		<Unit filename="include/GameScreen.h" />
		<Unit filename="include/InputManager.h" />
		<Unit filename="include/LifeScreen.h" />
		<Unit filename="include/MenuManager.h" />
		<Unit filename="include/ScreenManager.h" />
		<Unit filename="include/SplashScreen.h" />
		<Unit filename="include/TitleScreen.h" />
		<Unit filename="main.cpp" />
		<Unit filename="src/Animation.cpp" />
		<Unit filename="src/ConfigScreen.cpp" />
		<Unit filename="src/FadeAnimation.cpp" />
		<Unit filename="src/FileManager.cpp" />
		<Unit filename="src/GameScreen.cpp" />
		<Unit filename="src/InputManager.cpp" />
		<Unit filename="src/LifeScreen.cpp" />
		<Unit filename="src/MenuManager.cpp" />
		<Unit filename="src/ScreenManager.cpp" />
		<Unit filename="src/SplashScreen.cpp" />
		<Unit filename="src/TitleScreen.cpp" />
		<Extensions>
			<code_completion />
			<debugger />
		</Extensions>
	</Project>
</CodeBlocks_project_file>
